
Microsoft Visual Studio Solution File, Format Version 12.00
# Visual Studio Version 17
VisualStudioVersion = 17.14.36623.8 d17.14
MinimumVisualStudioVersion = 10.0.40219.1
Project("{FAE04EC0-301F-11D3-BF4B-00C04F79EFBC}") = "BusBookingBackupService", "BusBookingBackupService.csproj", "{29E1E28D-7C8F-4A56-86E4-F380FDDFD414}"
EndProject
Global
	GlobalSection(SolutionConfigurationPlatforms) = preSolution
		Debug|Any CPU = Debug|Any CPU
		Release|Any CPU = Release|Any CPU
	EndGlobalSection
	GlobalSection(ProjectConfigurationPlatforms) = postSolution
		{29E1E28D-7C8F-4A56-86E4-F380FDDFD414}.Debug|Any CPU.ActiveCfg = Debug|Any CPU
		{29E1E28D-7C8F-4A56-86E4-F380FDDFD414}.Debug|Any CPU.Build.0 = Debug|Any CPU
		{29E1E28D-7C8F-4A56-86E4-F380FDDFD414}.Release|Any CPU.ActiveCfg = Release|Any CPU
		{29E1E28D-7C8F-4A56-86E4-F380FDDFD414}.Release|Any CPU.Build.0 = Release|Any CPU
	EndGlobalSection
	GlobalSection(SolutionProperties) = preSolution
		HideSolutionNode = FALSE
	EndGlobalSection
	GlobalSection(ExtensibilityGlobals) = postSolution
		SolutionGuid = {296F681B-3553-4F06-A1C8-A61603E8FED9}
	EndGlobalSection
EndGlobal
