
Microsoft Visual Studio Solution File, Format Version 12.00
# Visual Studio Version 17
VisualStudioVersion = 17.14.36623.8 d17.14
MinimumVisualStudioVersion = 10.0.40219.1
Project("{FAE04EC0-301F-11D3-BF4B-00C04F79EFBC}") = "BusBookingRestApi", "BusBookingRestApi.csproj", "{BC83992E-DDF8-E2DA-D172-17851C17F137}"
EndProject
Global
	GlobalSection(SolutionConfigurationPlatforms) = preSolution
		Debug|Any CPU = Debug|Any CPU
		Release|Any CPU = Release|Any CPU
	EndGlobalSection
	GlobalSection(ProjectConfigurationPlatforms) = postSolution
		{BC83992E-DDF8-E2DA-D172-17851C17F137}.Debug|Any CPU.ActiveCfg = Debug|Any CPU
		{BC83992E-DDF8-E2DA-D172-17851C17F137}.Debug|Any CPU.Build.0 = Debug|Any CPU
		{BC83992E-DDF8-E2DA-D172-17851C17F137}.Release|Any CPU.ActiveCfg = Release|Any CPU
		{BC83992E-DDF8-E2DA-D172-17851C17F137}.Release|Any CPU.Build.0 = Release|Any CPU
	EndGlobalSection
	GlobalSection(SolutionProperties) = preSolution
		HideSolutionNode = FALSE
	EndGlobalSection
	GlobalSection(ExtensibilityGlobals) = postSolution
		SolutionGuid = {6D1C58C6-037A-4A19-8B62-1532400CE348}
	EndGlobalSection
EndGlobal
